
Microsoft Visual Studio Solution File, Format Version 12.00
# Visual Studio Version 16
VisualStudioVersion = 16.0.31624.102
MinimumVisualStudioVersion = 10.0.40219.1
Project("{FAE04EC0-301F-11D3-BF4B-00C04F79EFBC}") = "TravelAway.DataAccessLayer", "TravelAway.DataAccessLayer\TravelAway.DataAccessLayer.csproj", "{FC7FD562-35B2-4AD4-967D-3D0EDEC6C84E}"
EndProject
Project("{FAE04EC0-301F-11D3-BF4B-00C04F79EFBC}") = "TravelAwayWebServices", "TravelAwayWebServices\TravelAwayWebServices.csproj", "{087002A1-84DC-4BE8-9DF9-C6DD6E61CD5F}"
EndProject
Global
	GlobalSection(SolutionConfigurationPlatforms) = preSolution
		Debug|Any CPU = Debug|Any CPU
		Release|Any CPU = Release|Any CPU
	EndGlobalSection
	GlobalSection(ProjectConfigurationPlatforms) = postSolution
		{FC7FD562-35B2-4AD4-967D-3D0EDEC6C84E}.Debug|Any CPU.ActiveCfg = Debug|Any CPU
		{FC7FD562-35B2-4AD4-967D-3D0EDEC6C84E}.Debug|Any CPU.Build.0 = Debug|Any CPU
		{FC7FD562-35B2-4AD4-967D-3D0EDEC6C84E}.Release|Any CPU.ActiveCfg = Release|Any CPU
		{FC7FD562-35B2-4AD4-967D-3D0EDEC6C84E}.Release|Any CPU.Build.0 = Release|Any CPU
		{087002A1-84DC-4BE8-9DF9-C6DD6E61CD5F}.Debug|Any CPU.ActiveCfg = Debug|Any CPU
		{087002A1-84DC-4BE8-9DF9-C6DD6E61CD5F}.Debug|Any CPU.Build.0 = Debug|Any CPU
		{087002A1-84DC-4BE8-9DF9-C6DD6E61CD5F}.Release|Any CPU.ActiveCfg = Release|Any CPU
		{087002A1-84DC-4BE8-9DF9-C6DD6E61CD5F}.Release|Any CPU.Build.0 = Release|Any CPU
	EndGlobalSection
	GlobalSection(SolutionProperties) = preSolution
		HideSolutionNode = FALSE
	EndGlobalSection
	GlobalSection(ExtensibilityGlobals) = postSolution
		SolutionGuid = {32A0A6C4-0078-4D92-9D7D-E8C49F09B53D}
	EndGlobalSection
EndGlobal
